github.com/go-redis/redis v6.15.9+incompatible h1:K0pv1D7EQUjfyoMql+r/jZqCLizCGKFlFgcHWWmHQjg=
github.com/go-redis/redis v6.15.9+incompatible/go.mod h1:NAIEuMOZ/fxfXJIrKDQDz8wamY7mA7PouImQ2Jvg6kA=
github.com/redis/go-redis v6.15.9+incompatible h1:F+tnlesQSl3h9V8DdmtcYFdvkHLhbb7AgcLW6UJxnC4=
github.com/redis/go-redis v6.15.9+incompatible/go.mod h1:ic6dLmR0d9rkHSzaa0Ab3QVRZcjopJ9hSSPCrecj/+s=
